
Microsoft Visual Studio Solution File, Format Version 12.00
# Visual Studio Version 17
VisualStudioVersion = 17.2.32630.192
MinimumVisualStudioVersion = 10.0.40219.1
Project("{FAE04EC0-301F-11D3-BF4B-00C04F79EFBC}") = "HotelListing.API", "HotelListing.API\HotelListing.API.csproj", "{786A5A09-5DFD-4BF8-A37B-D2F7F16ADEA4}"
EndProject
Global
	GlobalSection(SolutionConfigurationPlatforms) = preSolution
		Debug|Any CPU = Debug|Any CPU
		Release|Any CPU = Release|Any CPU
	EndGlobalSection
	GlobalSection(ProjectConfigurationPlatforms) = postSolution
		{786A5A09-5DFD-4BF8-A37B-D2F7F16ADEA4}.Debug|Any CPU.ActiveCfg = Debug|Any CPU
		{786A5A09-5DFD-4BF8-A37B-D2F7F16ADEA4}.Debug|Any CPU.Build.0 = Debug|Any CPU
		{786A5A09-5DFD-4BF8-A37B-D2F7F16ADEA4}.Release|Any CPU.ActiveCfg = Release|Any CPU
		{786A5A09-5DFD-4BF8-A37B-D2F7F16ADEA4}.Release|Any CPU.Build.0 = Release|Any CPU
	EndGlobalSection
	GlobalSection(SolutionProperties) = preSolution
		HideSolutionNode = FALSE
	EndGlobalSection
	GlobalSection(ExtensibilityGlobals) = postSolution
		SolutionGuid = {69B505C7-C3B8-479E-8340-B46ABABEB360}
	EndGlobalSection
EndGlobal
